// !$*UTF8*$!
{
	archiveVersion = 1;
	classes = {
	};
	objectVersion = 77;
	objects = {

/* Begin PBXBuildFile section */
		5E827F612E52C853002F4D9A /* select2.mp3 in Resources */ = {isa = PBXBuildFile; fileRef = 5E827F5E2E52C853002F4D9A /* select2.mp3 */; };
		5E827F622E52C853002F4D9A /* whoosh.mp3 in Resources */ = {isa = PBXBuildFile; fileRef = 5E827F5F2E52C853002F4D9A /* whoosh.mp3 */; };
		5E827F632E52C853002F4D9A /* right.mp3 in Resources */ = {isa = PBXBuildFile; fileRef = 5E827F5C2E52C853002F4D9A /* right.mp3 */; };
		5E827F642E52C853002F4D9A /* wrong2.mp3 in Resources */ = {isa = PBXBuildFile; fileRef = 5E827F602E52C853002F4D9A /* wrong2.mp3 */; };
		5E827F652E52C853002F4D9A /* select1.mp3 in Resources */ = {isa = PBXBuildFile; fileRef = 5E827F5D2E52C853002F4D9A /* select1.mp3 */; };
		5E827F662E52CC55002F4D9A /* Subjects in Resources */ = {isa = PBXBuildFile; fileRef = BE9F61E02E4FF002006CF4B5 /* Subjects */; };
		BE7109662E3AC04C00C056EB /* SwiftCSV in Frameworks */ = {isa = PBXBuildFile; productRef = BE7109652E3AC04C00C056EB /* SwiftCSV */; };
		BE9F61ED2E4FF7C5006CF4B5 /* MistakeMaster bg.mp3 in Resources */ = {isa = PBXBuildFile; fileRef = BE9F61E42E4FF7C5006CF4B5 /* MistakeMaster bg.mp3 */; };
/* End PBXBuildFile section */

/* Begin PBXFileReference section */
		5E827F5C2E52C853002F4D9A /* right.mp3 */ = {isa = PBXFileReference; lastKnownFileType = audio.mp3; path = right.mp3; sourceTree = "<group>"; };
		5E827F5D2E52C853002F4D9A /* select1.mp3 */ = {isa = PBXFileReference; lastKnownFileType = audio.mp3; path = select1.mp3; sourceTree = "<group>"; };
		5E827F5E2E52C853002F4D9A /* select2.mp3 */ = {isa = PBXFileReference; lastKnownFileType = audio.mp3; path = select2.mp3; sourceTree = "<group>"; };
		5E827F5F2E52C853002F4D9A /* whoosh.mp3 */ = {isa = PBXFileReference; lastKnownFileType = audio.mp3; path = whoosh.mp3; sourceTree = "<group>"; };
		5E827F602E52C853002F4D9A /* wrong2.mp3 */ = {isa = PBXFileReference; lastKnownFileType = audio.mp3; path = wrong2.mp3; sourceTree = "<group>"; };
		BE9F61E02E4FF002006CF4B5 /* Subjects */ = {isa = PBXFileReference; lastKnownFileType = folder; path = Subjects; sourceTree = "<group>"; };
		BE9F61E42E4FF7C5006CF4B5 /* MistakeMaster bg.mp3 */ = {isa = PBXFileReference; lastKnownFileType = audio.mp3; path = "MistakeMaster bg.mp3"; sourceTree = "<group>"; };
		BEF34B922DE6F0E500F4F817 /* MistakeMaster.app */ = {isa = PBXFileReference; explicitFileType = wrapper.application; includeInIndex = 0; path = MistakeMaster.app; sourceTree = BUILT_PRODUCTS_DIR; };
/* End PBXFileReference section */

/* Begin PBXFileSystemSynchronizedRootGroup section */
		BEF34B942DE6F0E500F4F817 /* MistakeMaster */ = {
			isa = PBXFileSystemSynchronizedRootGroup;
			path = MistakeMaster;
			sourceTree = "<group>";
		};
/* End PBXFileSystemSynchronizedRootGroup section */

/* Begin PBXFrameworksBuildPhase section */
		BEF34B8F2DE6F0E500F4F817 /* Frameworks */ = {
			isa = PBXFrameworksBuildPhase;
			buildActionMask = 2147483647;
			files = (
				BE7109662E3AC04C00C056EB /* SwiftCSV in Frameworks */,
			);
			runOnlyForDeploymentPostprocessing = 0;
		};
/* End PBXFrameworksBuildPhase section */

/* Begin PBXGroup section */
		BEF34B892DE6F0E500F4F817 = {
			isa = PBXGroup;
			children = (
				5E827F5C2E52C853002F4D9A /* right.mp3 */,
				5E827F5D2E52C853002F4D9A /* select1.mp3 */,
				5E827F5E2E52C853002F4D9A /* select2.mp3 */,
				5E827F5F2E52C853002F4D9A /* whoosh.mp3 */,
				5E827F602E52C853002F4D9A /* wrong2.mp3 */,
				BE9F61E42E4FF7C5006CF4B5 /* MistakeMaster bg.mp3 */,
				BE9F61E02E4FF002006CF4B5 /* Subjects */,
				BEF34B942DE6F0E500F4F817 /* MistakeMaster */,
				BEF34B932DE6F0E500F4F817 /* Products */,
			);
			sourceTree = "<group>";
		};
		BEF34B932DE6F0E500F4F817 /* Products */ = {
			isa = PBXGroup;
			children = (
				BEF34B922DE6F0E500F4F817 /* MistakeMaster.app */,
			);
			name = Products;
			sourceTree = "<group>";
		};
/* End PBXGroup section */

/* Begin PBXNativeTarget section */
		BEF34B912DE6F0E500F4F817 /* MistakeMaster */ = {
			isa = PBXNativeTarget;
			buildConfigurationList = BEF34B9D2DE6F0E600F4F817 /* Build configuration list for PBXNativeTarget "MistakeMaster" */;
			buildPhases = (
				BEF34B8E2DE6F0E500F4F817 /* Sources */,
				BEF34B8F2DE6F0E500F4F817 /* Frameworks */,
				BE9F61DE2E4FEFF2006CF4B5 /* Resources */,
			);
			buildRules = (
			);
			dependencies = (
			);
			fileSystemSynchronizedGroups = (
				BEF34B942DE6F0E500F4F817 /* MistakeMaster */,
			);
			name = MistakeMaster;
			packageProductDependencies = (
				BE7109652E3AC04C00C056EB /* SwiftCSV */,
			);
			productName = MistakeMaster;
			productReference = BEF34B922DE6F0E500F4F817 /* MistakeMaster.app */;
			productType = "com.apple.product-type.application";
		};
/* End PBXNativeTarget section */

/* Begin PBXProject section */
		BEF34B8A2DE6F0E500F4F817 /* Project object */ = {
			isa = PBXProject;
			attributes = {
				BuildIndependentTargetsInParallel = 1;
				LastSwiftUpdateCheck = 1630;
				LastUpgradeCheck = 1640;
				TargetAttributes = {
					BEF34B912DE6F0E500F4F817 = {
						CreatedOnToolsVersion = 16.3;
					};
				};
			};
			buildConfigurationList = BEF34B8D2DE6F0E500F4F817 /* Build configuration list for PBXProject "MistakeMaster" */;
			developmentRegion = en;
			hasScannedForEncodings = 0;
			knownRegions = (
				en,
				Base,
			);
			mainGroup = BEF34B892DE6F0E500F4F817;
			minimizedProjectReferenceProxies = 1;
			packageReferences = (
				BE7109642E3AC04C00C056EB /* XCRemoteSwiftPackageReference "SwiftCSV" */,
			);
			preferredProjectObjectVersion = 77;
			productRefGroup = BEF34B932DE6F0E500F4F817 /* Products */;
			projectDirPath = "";
			projectRoot = "";
			targets = (
				BEF34B912DE6F0E500F4F817 /* MistakeMaster */,
			);
		};
/* End PBXProject section */

/* Begin PBXResourcesBuildPhase section */
		BE9F61DE2E4FEFF2006CF4B5 /* Resources */ = {
			isa = PBXResourcesBuildPhase;
			buildActionMask = 2147483647;
			files = (
				5E827F662E52CC55002F4D9A /* Subjects in Resources */,
				BE9F61ED2E4FF7C5006CF4B5 /* MistakeMaster bg.mp3 in Resources */,
				5E827F612E52C853002F4D9A /* select2.mp3 in Resources */,
				5E827F622E52C853002F4D9A /* whoosh.mp3 in Resources */,
				5E827F632E52C853002F4D9A /* right.mp3 in Resources */,
				5E827F642E52C853002F4D9A /* wrong2.mp3 in Resources */,
				5E827F652E52C853002F4D9A /* select1.mp3 in Resources */,
			);
			runOnlyForDeploymentPostprocessing = 0;
		};
/* End PBXResourcesBuildPhase section */

/* Begin PBXSourcesBuildPhase section */
		BEF34B8E2DE6F0E500F4F817 /* Sources */ = {
			isa = PBXSourcesBuildPhase;
			buildActionMask = 2147483647;
			files = (
			);
			runOnlyForDeploymentPostprocessing = 0;
		};
/* End PBXSourcesBuildPhase section */

/* Begin XCBuildConfiguration section */
		BEF34B9B2DE6F0E600F4F817 /* Debug */ = {
			isa = XCBuildConfiguration;
			buildSettings = {
				ALWAYS_SEARCH_USER_PATHS = NO;
				ASSETCATALOG_COMPILER_GENERATE_SWIFT_ASSET_SYMBOL_EXTENSIONS = YES;
				CLANG_ANALYZER_NONNULL = YES;
				CLANG_ANALYZER_NUMBER_OBJECT_CONVERSION = YES_AGGRESSIVE;
				CLANG_CXX_LANGUAGE_STANDARD = "gnu++20";
				CLANG_ENABLE_MODULES = YES;
				CLANG_ENABLE_OBJC_ARC = YES;
				CLANG_ENABLE_OBJC_WEAK = YES;
				CLANG_WARN_BLOCK_CAPTURE_AUTORELEASING = YES;
				CLANG_WARN_BOOL_CONVERSION = YES;
				CLANG_WARN_COMMA = YES;
				CLANG_WARN_CONSTANT_CONVERSION = YES;
				CLANG_WARN_DEPRECATED_OBJC_IMPLEMENTATIONS = YES;
				CLANG_WARN_DIRECT_OBJC_ISA_USAGE = YES_ERROR;
				CLANG_WARN_DOCUMENTATION_COMMENTS = YES;
				CLANG_WARN_EMPTY_BODY = YES;
				CLANG_WARN_ENUM_CONVERSION = YES;
				CLANG_WARN_INFINITE_RECURSION = YES;
				CLANG_WARN_INT_CONVERSION = YES;
				CLANG_WARN_NON_LITERAL_NULL_CONVERSION = YES;
				CLANG_WARN_OBJC_IMPLICIT_RETAIN_SELF = YES;
				CLANG_WARN_OBJC_LITERAL_CONVERSION = YES;
				CLANG_WARN_OBJC_ROOT_CLASS = YES_ERROR;
				CLANG_WARN_QUOTED_INCLUDE_IN_FRAMEWORK_HEADER = YES;
				CLANG_WARN_RANGE_LOOP_ANALYSIS = YES;
				CLANG_WARN_STRICT_PROTOTYPES = YES;
				CLANG_WARN_SUSPICIOUS_MOVE = YES;
				CLANG_WARN_UNGUARDED_AVAILABILITY = YES_AGGRESSIVE;
				CLANG_WARN_UNREACHABLE_CODE = YES;
				CLANG_WARN__DUPLICATE_METHOD_MATCH = YES;
				COPY_PHASE_STRIP = NO;
				DEBUG_INFORMATION_FORMAT = dwarf;
				DEVELOPMENT_TEAM = Y6U5VJN3F2;
				ENABLE_STRICT_OBJC_MSGSEND = YES;
				ENABLE_TESTABILITY = YES;
				ENABLE_USER_SCRIPT_SANDBOXING = YES;
				GCC_C_LANGUAGE_STANDARD = gnu17;
				GCC_DYNAMIC_NO_PIC = NO;
				GCC_NO_COMMON_BLOCKS = YES;
				GCC_OPTIMIZATION_LEVEL = 0;
				GCC_PREPROCESSOR_DEFINITIONS = (
					"DEBUG=1",
					"$(inherited)",
				);
				GCC_WARN_64_TO_32_BIT_CONVERSION = YES;
				GCC_WARN_ABOUT_RETURN_TYPE = YES_ERROR;
				GCC_WARN_UNDECLARED_SELECTOR = YES;
				GCC_WARN_UNINITIALIZED_AUTOS = YES_AGGRESSIVE;
				GCC_WARN_UNUSED_FUNCTION = YES;
				GCC_WARN_UNUSED_VARIABLE = YES;
				IPHONEOS_DEPLOYMENT_TARGET = 18.4;
				LOCALIZATION_PREFERS_STRING_CATALOGS = YES;
				MTL_ENABLE_DEBUG_INFO = INCLUDE_SOURCE;
				MTL_FAST_MATH = YES;
				ONLY_ACTIVE_ARCH = YES;
				SDKROOT = iphoneos;
				SWIFT_ACTIVE_COMPILATION_CONDITIONS = "DEBUG $(inherited)";
				SWIFT_OPTIMIZATION_LEVEL = "-Onone";
			};
			name = Debug;
		};
		BEF34B9C2DE6F0E600F4F817 /* Release */ = {
			isa = XCBuildConfiguration;
			buildSettings = {
				ALWAYS_SEARCH_USER_PATHS = NO;
				ASSETCATALOG_COMPILER_GENERATE_SWIFT_ASSET_SYMBOL_EXTENSIONS = YES;
				CLANG_ANALYZER_NONNULL = YES;
				CLANG_ANALYZER_NUMBER_OBJECT_CONVERSION = YES_AGGRESSIVE;
				CLANG_CXX_LANGUAGE_STANDARD = "gnu++20";
				CLANG_ENABLE_MODULES = YES;
				CLANG_ENABLE_OBJC_ARC = YES;
				CLANG_ENABLE_OBJC_WEAK = YES;
				CLANG_WARN_BLOCK_CAPTURE_AUTORELEASING = YES;
				CLANG_WARN_BOOL_CONVERSION = YES;
				CLANG_WARN_COMMA = YES;
				CLANG_WARN_CONSTANT_CONVERSION = YES;
				CLANG_WARN_DEPRECATED_OBJC_IMPLEMENTATIONS = YES;
				CLANG_WARN_DIRECT_OBJC_ISA_USAGE = YES_ERROR;
				CLANG_WARN_DOCUMENTATION_COMMENTS = YES;
				CLANG_WARN_EMPTY_BODY = YES;
				CLANG_WARN_ENUM_CONVERSION = YES;
				CLANG_WARN_INFINITE_RECURSION = YES;
				CLANG_WARN_INT_CONVERSION = YES;
				CLANG_WARN_NON_LITERAL_NULL_CONVERSION = YES;
				CLANG_WARN_OBJC_IMPLICIT_RETAIN_SELF = YES;
				CLANG_WARN_OBJC_LITERAL_CONVERSION = YES;
				CLANG_WARN_OBJC_ROOT_CLASS = YES_ERROR;
				CLANG_WARN_QUOTED_INCLUDE_IN_FRAMEWORK_HEADER = YES;
				CLANG_WARN_RANGE_LOOP_ANALYSIS = YES;
				CLANG_WARN_STRICT_PROTOTYPES = YES;
				CLANG_WARN_SUSPICIOUS_MOVE = YES;
				CLANG_WARN_UNGUARDED_AVAILABILITY = YES_AGGRESSIVE;
				CLANG_WARN_UNREACHABLE_CODE = YES;
				CLANG_WARN__DUPLICATE_METHOD_MATCH = YES;
				COPY_PHASE_STRIP = NO;
				DEBUG_INFORMATION_FORMAT = "dwarf-with-dsym";
				DEVELOPMENT_TEAM = Y6U5VJN3F2;
				ENABLE_NS_ASSERTIONS = NO;
				ENABLE_STRICT_OBJC_MSGSEND = YES;
				ENABLE_USER_SCRIPT_SANDBOXING = YES;
				GCC_C_LANGUAGE_STANDARD = gnu17;
				GCC_NO_COMMON_BLOCKS = YES;
				GCC_WARN_64_TO_32_BIT_CONVERSION = YES;
				GCC_WARN_ABOUT_RETURN_TYPE = YES_ERROR;
				GCC_WARN_UNDECLARED_SELECTOR = YES;
				GCC_WARN_UNINITIALIZED_AUTOS = YES_AGGRESSIVE;
				GCC_WARN_UNUSED_FUNCTION = YES;
				GCC_WARN_UNUSED_VARIABLE = YES;
				IPHONEOS_DEPLOYMENT_TARGET = 18.4;
				LOCALIZATION_PREFERS_STRING_CATALOGS = YES;
				MTL_ENABLE_DEBUG_INFO = NO;
				MTL_FAST_MATH = YES;
				SDKROOT = iphoneos;
				SWIFT_COMPILATION_MODE = wholemodule;
				VALIDATE_PRODUCT = YES;
			};
			name = Release;
		};
		BEF34B9E2DE6F0E600F4F817 /* Debug */ = {
			isa = XCBuildConfiguration;
			buildSettings = {
				ASSETCATALOG_COMPILER_APPICON_NAME = AppIcon;
				ASSETCATALOG_COMPILER_GLOBAL_ACCENT_COLOR_NAME = AccentColor;
				CODE_SIGN_STYLE = Automatic;
				CURRENT_PROJECT_VERSION = 1;
				ENABLE_PREVIEWS = YES;
				GENERATE_INFOPLIST_FILE = YES;
				INFOPLIST_KEY_CFBundleDisplayName = MistakeMaster;
				INFOPLIST_KEY_LSApplicationCategoryType = "public.app-category.education";
				INFOPLIST_KEY_UIApplicationSceneManifest_Generation = YES;
				INFOPLIST_KEY_UIApplicationSupportsIndirectInputEvents = YES;
				INFOPLIST_KEY_UILaunchScreen_Generation = YES;
				INFOPLIST_KEY_UISupportedInterfaceOrientations = UIInterfaceOrientationPortrait;
				LD_RUNPATH_SEARCH_PATHS = (
					"$(inherited)",
					"@executable_path/Frameworks",
				);
				MARKETING_VERSION = 1.0;
				PRODUCT_BUNDLE_IDENTIFIER = com.podolner.MistakeMaster;
				PRODUCT_NAME = "$(TARGET_NAME)";
				SWIFT_EMIT_LOC_STRINGS = YES;
				SWIFT_VERSION = 5.0;
				TARGETED_DEVICE_FAMILY = 1;
			};
			name = Debug;
		};
		BEF34B9F2DE6F0E600F4F817 /* Release */ = {
			isa = XCBuildConfiguration;
			buildSettings = {
				ASSETCATALOG_COMPILER_APPICON_NAME = AppIcon;
				ASSETCATALOG_COMPILER_GLOBAL_ACCENT_COLOR_NAME = AccentColor;
				CODE_SIGN_STYLE = Automatic;
				CURRENT_PROJECT_VERSION = 1;
				ENABLE_PREVIEWS = YES;
				GENERATE_INFOPLIST_FILE = YES;
				INFOPLIST_KEY_CFBundleDisplayName = MistakeMaster;
				INFOPLIST_KEY_LSApplicationCategoryType = "public.app-category.education";
				INFOPLIST_KEY_UIApplicationSceneManifest_Generation = YES;
				INFOPLIST_KEY_UIApplicationSupportsIndirectInputEvents = YES;
				INFOPLIST_KEY_UILaunchScreen_Generation = YES;
				INFOPLIST_KEY_UISupportedInterfaceOrientations = UIInterfaceOrientationPortrait;
				LD_RUNPATH_SEARCH_PATHS = (
					"$(inherited)",
					"@executable_path/Frameworks",
				);
				MARKETING_VERSION = 1.0;
				PRODUCT_BUNDLE_IDENTIFIER = com.podolner.MistakeMaster;
				PRODUCT_NAME = "$(TARGET_NAME)";
				SWIFT_EMIT_LOC_STRINGS = YES;
				SWIFT_VERSION = 5.0;
				TARGETED_DEVICE_FAMILY = 1;
			};
			name = Release;
		};
/* End XCBuildConfiguration section */

/* Begin XCConfigurationList section */
		BEF34B8D2DE6F0E500F4F817 /* Build configuration list for PBXProject "MistakeMaster" */ = {
			isa = XCConfigurationList;
			buildConfigurations = (
				BEF34B9B2DE6F0E600F4F817 /* Debug */,
				BEF34B9C2DE6F0E600F4F817 /* Release */,
			);
			defaultConfigurationIsVisible = 0;
			defaultConfigurationName = Release;
		};
		BEF34B9D2DE6F0E600F4F817 /* Build configuration list for PBXNativeTarget "MistakeMaster" */ = {
			isa = XCConfigurationList;
			buildConfigurations = (
				BEF34B9E2DE6F0E600F4F817 /* Debug */,
				BEF34B9F2DE6F0E600F4F817 /* Release */,
			);
			defaultConfigurationIsVisible = 0;
			defaultConfigurationName = Release;
		};
/* End XCConfigurationList section */

/* Begin XCRemoteSwiftPackageReference section */
		BE7109642E3AC04C00C056EB /* XCRemoteSwiftPackageReference "SwiftCSV" */ = {
			isa = XCRemoteSwiftPackageReference;
			repositoryURL = "https://github.com/swiftcsv/SwiftCSV.git";
			requirement = {
				kind = upToNextMajorVersion;
				minimumVersion = 0.10.0;
			};
		};
/* End XCRemoteSwiftPackageReference section */

/* Begin XCSwiftPackageProductDependency section */
		BE7109652E3AC04C00C056EB /* SwiftCSV */ = {
			isa = XCSwiftPackageProductDependency;
			package = BE7109642E3AC04C00C056EB /* XCRemoteSwiftPackageReference "SwiftCSV" */;
			productName = SwiftCSV;
		};
/* End XCSwiftPackageProductDependency section */
	};
	rootObject = BEF34B8A2DE6F0E500F4F817 /* Project object */;
}
